
Microsoft Visual Studio Solution File, Format Version 12.00
# Visual Studio Version 16
VisualStudioVersion = 16.0.31729.503
MinimumVisualStudioVersion = 10.0.40219.1
Project("{9A19103F-16F7-4668-BE54-9A1E7A4F7556}") = "BCR.ScrepperWeb.Service", "BCR.ScrepperWeb.Service\BCR.ScrepperWeb.Service.csproj", "{927A594C-55BD-4914-B5F7-31E2E898E7E2}"
EndProject
Project("{9A19103F-16F7-4668-BE54-9A1E7A4F7556}") = "BCR.WebScrapper.Aplication", "BCR.WebScrapper.Aplication\BCR.WebScrapper.Aplication.csproj", "{0BC266DE-10B6-4ECF-A169-5C7F332D8A69}"
EndProject
Project("{9A19103F-16F7-4668-BE54-9A1E7A4F7556}") = "BCR.WebScrapper.AccesData", "BCR.WebScrapper.AccesData\BCR.WebScrapper.AccesData.csproj", "{9DC9B4F5-69FB-4F4A-9237-ADDEBD784958}"
EndProject
Project("{9A19103F-16F7-4668-BE54-9A1E7A4F7556}") = "BCR.WebScrapper.WebApi", "BCR.WebScrapper.WebApi\BCR.WebScrapper.WebApi.csproj", "{A62C2D74-1ABD-406F-9D37-6F28505695AE}"
EndProject
Project("{FAE04EC0-301F-11D3-BF4B-00C04F79EFBC}") = "BCR.WebScrapper.DockerAPI", "BCR.WebScrapper.DockerAPI\BCR.WebScrapper.DockerAPI.csproj", "{AB837040-0221-4CA5-8E8D-0B21C58491D9}"
EndProject
Global
	GlobalSection(SolutionConfigurationPlatforms) = preSolution
		Debug|Any CPU = Debug|Any CPU
		Release|Any CPU = Release|Any CPU
	EndGlobalSection
	GlobalSection(ProjectConfigurationPlatforms) = postSolution
		{927A594C-55BD-4914-B5F7-31E2E898E7E2}.Debug|Any CPU.ActiveCfg = Debug|Any CPU
		{927A594C-55BD-4914-B5F7-31E2E898E7E2}.Debug|Any CPU.Build.0 = Debug|Any CPU
		{927A594C-55BD-4914-B5F7-31E2E898E7E2}.Release|Any CPU.ActiveCfg = Release|Any CPU
		{927A594C-55BD-4914-B5F7-31E2E898E7E2}.Release|Any CPU.Build.0 = Release|Any CPU
		{0BC266DE-10B6-4ECF-A169-5C7F332D8A69}.Debug|Any CPU.ActiveCfg = Debug|Any CPU
		{0BC266DE-10B6-4ECF-A169-5C7F332D8A69}.Debug|Any CPU.Build.0 = Debug|Any CPU
		{0BC266DE-10B6-4ECF-A169-5C7F332D8A69}.Release|Any CPU.ActiveCfg = Release|Any CPU
		{0BC266DE-10B6-4ECF-A169-5C7F332D8A69}.Release|Any CPU.Build.0 = Release|Any CPU
		{9DC9B4F5-69FB-4F4A-9237-ADDEBD784958}.Debug|Any CPU.ActiveCfg = Debug|Any CPU
		{9DC9B4F5-69FB-4F4A-9237-ADDEBD784958}.Debug|Any CPU.Build.0 = Debug|Any CPU
		{9DC9B4F5-69FB-4F4A-9237-ADDEBD784958}.Release|Any CPU.ActiveCfg = Release|Any CPU
		{9DC9B4F5-69FB-4F4A-9237-ADDEBD784958}.Release|Any CPU.Build.0 = Release|Any CPU
		{A62C2D74-1ABD-406F-9D37-6F28505695AE}.Debug|Any CPU.ActiveCfg = Debug|Any CPU
		{A62C2D74-1ABD-406F-9D37-6F28505695AE}.Debug|Any CPU.Build.0 = Debug|Any CPU
		{A62C2D74-1ABD-406F-9D37-6F28505695AE}.Release|Any CPU.ActiveCfg = Release|Any CPU
		{A62C2D74-1ABD-406F-9D37-6F28505695AE}.Release|Any CPU.Build.0 = Release|Any CPU
		{AB837040-0221-4CA5-8E8D-0B21C58491D9}.Debug|Any CPU.ActiveCfg = Debug|Any CPU
		{AB837040-0221-4CA5-8E8D-0B21C58491D9}.Debug|Any CPU.Build.0 = Debug|Any CPU
		{AB837040-0221-4CA5-8E8D-0B21C58491D9}.Release|Any CPU.ActiveCfg = Release|Any CPU
		{AB837040-0221-4CA5-8E8D-0B21C58491D9}.Release|Any CPU.Build.0 = Release|Any CPU
	EndGlobalSection
	GlobalSection(SolutionProperties) = preSolution
		HideSolutionNode = FALSE
	EndGlobalSection
	GlobalSection(ExtensibilityGlobals) = postSolution
		SolutionGuid = {F917B14B-78A1-4765-8F73-DE04933797AD}
	EndGlobalSection
EndGlobal
